
Microsoft Visual Studio Solution File, Format Version 12.00
# Visual Studio Version 16
VisualStudioVersion = 16.0.29920.165
MinimumVisualStudioVersion = 10.0.40219.1
Project("{2150E333-8FDC-42A3-9474-1A3956D46DE8}") = "Solution Items", "Solution Items", "{EDE4115C-BB7F-4BE6-9570-82C9370BCFB2}"
	ProjectSection(SolutionItems) = preProject
		.gitignore = .gitignore
		LICENSE.md = LICENSE.md
		README.md = README.md
	EndProjectSection
EndProject
Project("{FAE04EC0-301F-11D3-BF4B-00C04F79EFBC}") = "AudioCore.Win32", "AudioCore.Win32\AudioCore.Win32.csproj", "{8196BCF6-8D43-460A-A5DA-0396A51DF873}"
EndProject
Project("{FAE04EC0-301F-11D3-BF4B-00C04F79EFBC}") = "AudioCore.UWP", "AudioCore.UWP\AudioCore.UWP.csproj", "{C918650E-DF61-4987-BD3B-095B58C25237}"
EndProject
Project("{FAE04EC0-301F-11D3-BF4B-00C04F79EFBC}") = "AudioCore.Android", "AudioCore.Android\AudioCore.Android.csproj", "{0CC1A3C4-351D-47FB-89E3-AE3BF6C3CBBB}"
EndProject
Project("{FAE04EC0-301F-11D3-BF4B-00C04F79EFBC}") = "AudioCore.iOS", "AudioCore.iOS\AudioCore.iOS.csproj", "{21CE6FCB-7988-4E8B-9E96-2CC3C7FF8EEC}"
EndProject
Project("{FAE04EC0-301F-11D3-BF4B-00C04F79EFBC}") = "AudioCore.Mac", "AudioCore.Mac\AudioCore.Mac.csproj", "{09CC89E9-7FF9-4CDD-9EF6-49B8B9851F71}"
EndProject
Project("{9A19103F-16F7-4668-BE54-9A1E7A4F7556}") = "AudioCore", "AudioCore\AudioCore.csproj", "{C8B758B8-8C43-455A-A997-8282DCA269DC}"
EndProject
Project("{D954291E-2A0B-460D-934E-DC6B0785DB48}") = "AudioCore.Demo", "AudioCore.Demo\AudioCore.Demo.shproj", "{A8906381-E853-4D97-8960-2B7CE9546747}"
EndProject
Project("{FAE04EC0-301F-11D3-BF4B-00C04F79EFBC}") = "AudioCore.Demo.Mac", "AudioCore.Demo.Mac\AudioCore.Demo.Mac.csproj", "{158B6393-991C-4396-AE0C-35FB8103E8CB}"
EndProject
Global
	GlobalSection(SharedMSBuildProjectFiles) = preSolution
		AudioCore.Demo\AudioCore.Demo.projitems*{158b6393-991c-4396-ae0c-35fb8103e8cb}*SharedItemsImports = 4
		AudioCore.Demo\AudioCore.Demo.projitems*{a8906381-e853-4d97-8960-2b7ce9546747}*SharedItemsImports = 13
	EndGlobalSection
	GlobalSection(SolutionConfigurationPlatforms) = preSolution
		Ad-Hoc|Any CPU = Ad-Hoc|Any CPU
		Ad-Hoc|ARM = Ad-Hoc|ARM
		Ad-Hoc|iPhone = Ad-Hoc|iPhone
		Ad-Hoc|iPhoneSimulator = Ad-Hoc|iPhoneSimulator
		Ad-Hoc|x64 = Ad-Hoc|x64
		Ad-Hoc|x86 = Ad-Hoc|x86
		AppStore|Any CPU = AppStore|Any CPU
		AppStore|ARM = AppStore|ARM
		AppStore|iPhone = AppStore|iPhone
		AppStore|iPhoneSimulator = AppStore|iPhoneSimulator
		AppStore|x64 = AppStore|x64
		AppStore|x86 = AppStore|x86
		Debug|Any CPU = Debug|Any CPU
		Debug|ARM = Debug|ARM
		Debug|iPhone = Debug|iPhone
		Debug|iPhoneSimulator = Debug|iPhoneSimulator
		Debug|x64 = Debug|x64
		Debug|x86 = Debug|x86
		Release|Any CPU = Release|Any CPU
		Release|ARM = Release|ARM
		Release|iPhone = Release|iPhone
		Release|iPhoneSimulator = Release|iPhoneSimulator
		Release|x64 = Release|x64
		Release|x86 = Release|x86
	EndGlobalSection
	GlobalSection(ProjectConfigurationPlatforms) = postSolution
		{8196BCF6-8D43-460A-A5DA-0396A51DF873}.Ad-Hoc|Any CPU.ActiveCfg = Release|Any CPU
		{8196BCF6-8D43-460A-A5DA-0396A51DF873}.Ad-Hoc|Any CPU.Build.0 = Release|Any CPU
		{8196BCF6-8D43-460A-A5DA-0396A51DF873}.Ad-Hoc|ARM.ActiveCfg = Release|Any CPU
		{8196BCF6-8D43-460A-A5DA-0396A51DF873}.Ad-Hoc|ARM.Build.0 = Release|Any CPU
		{8196BCF6-8D43-460A-A5DA-0396A51DF873}.Ad-Hoc|iPhone.ActiveCfg = Debug|Any CPU
		{8196BCF6-8D43-460A-A5DA-0396A51DF873}.Ad-Hoc|iPhone.Build.0 = Debug|Any CPU
		{8196BCF6-8D43-460A-A5DA-0396A51DF873}.Ad-Hoc|iPhoneSimulator.ActiveCfg = Release|Any CPU
		{8196BCF6-8D43-460A-A5DA-0396A51DF873}.Ad-Hoc|iPhoneSimulator.Build.0 = Release|Any CPU
		{8196BCF6-8D43-460A-A5DA-0396A51DF873}.Ad-Hoc|x64.ActiveCfg = Release|Any CPU
		{8196BCF6-8D43-460A-A5DA-0396A51DF873}.Ad-Hoc|x64.Build.0 = Release|Any CPU
		{8196BCF6-8D43-460A-A5DA-0396A51DF873}.Ad-Hoc|x86.ActiveCfg = Release|Any CPU
		{8196BCF6-8D43-460A-A5DA-0396A51DF873}.Ad-Hoc|x86.Build.0 = Release|Any CPU
		{8196BCF6-8D43-460A-A5DA-0396A51DF873}.AppStore|Any CPU.ActiveCfg = Release|Any CPU
		{8196BCF6-8D43-460A-A5DA-0396A51DF873}.AppStore|Any CPU.Build.0 = Release|Any CPU
		{8196BCF6-8D43-460A-A5DA-0396A51DF873}.AppStore|ARM.ActiveCfg = Release|Any CPU
		{8196BCF6-8D43-460A-A5DA-0396A51DF873}.AppStore|ARM.Build.0 = Release|Any CPU
		{8196BCF6-8D43-460A-A5DA-0396A51DF873}.AppStore|iPhone.ActiveCfg = Debug|Any CPU
		{8196BCF6-8D43-460A-A5DA-0396A51DF873}.AppStore|iPhone.Build.0 = Debug|Any CPU
		{8196BCF6-8D43-460A-A5DA-0396A51DF873}.AppStore|iPhoneSimulator.ActiveCfg = Release|Any CPU
		{8196BCF6-8D43-460A-A5DA-0396A51DF873}.AppStore|iPhoneSimulator.Build.0 = Release|Any CPU
		{8196BCF6-8D43-460A-A5DA-0396A51DF873}.AppStore|x64.ActiveCfg = Release|Any CPU
		{8196BCF6-8D43-460A-A5DA-0396A51DF873}.AppStore|x64.Build.0 = Release|Any CPU
		{8196BCF6-8D43-460A-A5DA-0396A51DF873}.AppStore|x86.ActiveCfg = Release|Any CPU
		{8196BCF6-8D43-460A-A5DA-0396A51DF873}.AppStore|x86.Build.0 = Release|Any CPU
		{8196BCF6-8D43-460A-A5DA-0396A51DF873}.Debug|Any CPU.ActiveCfg = Debug|Any CPU
		{8196BCF6-8D43-460A-A5DA-0396A51DF873}.Debug|Any CPU.Build.0 = Debug|Any CPU
		{8196BCF6-8D43-460A-A5DA-0396A51DF873}.Debug|ARM.ActiveCfg = Debug|Any CPU
		{8196BCF6-8D43-460A-A5DA-0396A51DF873}.Debug|ARM.Build.0 = Debug|Any CPU
		{8196BCF6-8D43-460A-A5DA-0396A51DF873}.Debug|iPhone.ActiveCfg = Debug|Any CPU
		{8196BCF6-8D43-460A-A5DA-0396A51DF873}.Debug|iPhone.Build.0 = Debug|Any CPU
		{8196BCF6-8D43-460A-A5DA-0396A51DF873}.Debug|iPhoneSimulator.ActiveCfg = Debug|Any CPU
		{8196BCF6-8D43-460A-A5DA-0396A51DF873}.Debug|iPhoneSimulator.Build.0 = Debug|Any CPU
		{8196BCF6-8D43-460A-A5DA-0396A51DF873}.Debug|x64.ActiveCfg = Debug|Any CPU
		{8196BCF6-8D43-460A-A5DA-0396A51DF873}.Debug|x64.Build.0 = Debug|Any CPU
		{8196BCF6-8D43-460A-A5DA-0396A51DF873}.Debug|x86.ActiveCfg = Debug|Any CPU
		{8196BCF6-8D43-460A-A5DA-0396A51DF873}.Debug|x86.Build.0 = Debug|Any CPU
		{8196BCF6-8D43-460A-A5DA-0396A51DF873}.Release|Any CPU.ActiveCfg = Release|Any CPU
		{8196BCF6-8D43-460A-A5DA-0396A51DF873}.Release|Any CPU.Build.0 = Release|Any CPU
		{8196BCF6-8D43-460A-A5DA-0396A51DF873}.Release|ARM.ActiveCfg = Release|Any CPU
		{8196BCF6-8D43-460A-A5DA-0396A51DF873}.Release|ARM.Build.0 = Release|Any CPU
		{8196BCF6-8D43-460A-A5DA-0396A51DF873}.Release|iPhone.ActiveCfg = Release|Any CPU
		{8196BCF6-8D43-460A-A5DA-0396A51DF873}.Release|iPhone.Build.0 = Release|Any CPU
		{8196BCF6-8D43-460A-A5DA-0396A51DF873}.Release|iPhoneSimulator.ActiveCfg = Release|Any CPU
		{8196BCF6-8D43-460A-A5DA-0396A51DF873}.Release|iPhoneSimulator.Build.0 = Release|Any CPU
		{8196BCF6-8D43-460A-A5DA-0396A51DF873}.Release|x64.ActiveCfg = Release|Any CPU
		{8196BCF6-8D43-460A-A5DA-0396A51DF873}.Release|x64.Build.0 = Release|Any CPU
		{8196BCF6-8D43-460A-A5DA-0396A51DF873}.Release|x86.ActiveCfg = Release|Any CPU
		{8196BCF6-8D43-460A-A5DA-0396A51DF873}.Release|x86.Build.0 = Release|Any CPU
		{C918650E-DF61-4987-BD3B-095B58C25237}.Ad-Hoc|Any CPU.ActiveCfg = Release|Any CPU
		{C918650E-DF61-4987-BD3B-095B58C25237}.Ad-Hoc|ARM.ActiveCfg = Release|ARM
		{C918650E-DF61-4987-BD3B-095B58C25237}.Ad-Hoc|iPhone.ActiveCfg = Debug|Any CPU
		{C918650E-DF61-4987-BD3B-095B58C25237}.Ad-Hoc|iPhone.Build.0 = Debug|Any CPU
		{C918650E-DF61-4987-BD3B-095B58C25237}.Ad-Hoc|iPhoneSimulator.ActiveCfg = Release|Any CPU
		{C918650E-DF61-4987-BD3B-095B58C25237}.Ad-Hoc|x64.ActiveCfg = Release|x64
		{C918650E-DF61-4987-BD3B-095B58C25237}.Ad-Hoc|x86.ActiveCfg = Release|x86
		{C918650E-DF61-4987-BD3B-095B58C25237}.AppStore|Any CPU.ActiveCfg = Release|Any CPU
		{C918650E-DF61-4987-BD3B-095B58C25237}.AppStore|ARM.ActiveCfg = Release|ARM
		{C918650E-DF61-4987-BD3B-095B58C25237}.AppStore|iPhone.ActiveCfg = Debug|Any CPU
		{C918650E-DF61-4987-BD3B-095B58C25237}.AppStore|iPhone.Build.0 = Debug|Any CPU
		{C918650E-DF61-4987-BD3B-095B58C25237}.AppStore|iPhoneSimulator.ActiveCfg = Release|Any CPU
		{C918650E-DF61-4987-BD3B-095B58C25237}.AppStore|x64.ActiveCfg = Release|x64
		{C918650E-DF61-4987-BD3B-095B58C25237}.AppStore|x86.ActiveCfg = Release|x86
		{C918650E-DF61-4987-BD3B-095B58C25237}.Debug|Any CPU.ActiveCfg = Debug|Any CPU
		{C918650E-DF61-4987-BD3B-095B58C25237}.Debug|Any CPU.Build.0 = Debug|Any CPU
		{C918650E-DF61-4987-BD3B-095B58C25237}.Debug|ARM.ActiveCfg = Debug|ARM
		{C918650E-DF61-4987-BD3B-095B58C25237}.Debug|ARM.Build.0 = Debug|ARM
		{C918650E-DF61-4987-BD3B-095B58C25237}.Debug|iPhone.ActiveCfg = Debug|Any CPU
		{C918650E-DF61-4987-BD3B-095B58C25237}.Debug|iPhone.Build.0 = Debug|Any CPU
		{C918650E-DF61-4987-BD3B-095B58C25237}.Debug|iPhoneSimulator.ActiveCfg = Debug|Any CPU
		{C918650E-DF61-4987-BD3B-095B58C25237}.Debug|iPhoneSimulator.Build.0 = Debug|Any CPU
		{C918650E-DF61-4987-BD3B-095B58C25237}.Debug|x64.ActiveCfg = Debug|x64
		{C918650E-DF61-4987-BD3B-095B58C25237}.Debug|x64.Build.0 = Debug|x64
		{C918650E-DF61-4987-BD3B-095B58C25237}.Debug|x86.ActiveCfg = Debug|x86
		{C918650E-DF61-4987-BD3B-095B58C25237}.Debug|x86.Build.0 = Debug|x86
		{C918650E-DF61-4987-BD3B-095B58C25237}.Release|Any CPU.ActiveCfg = Release|Any CPU
		{C918650E-DF61-4987-BD3B-095B58C25237}.Release|Any CPU.Build.0 = Release|Any CPU
		{C918650E-DF61-4987-BD3B-095B58C25237}.Release|ARM.ActiveCfg = Release|ARM
		{C918650E-DF61-4987-BD3B-095B58C25237}.Release|ARM.Build.0 = Release|ARM
		{C918650E-DF61-4987-BD3B-095B58C25237}.Release|iPhone.ActiveCfg = Release|Any CPU
		{C918650E-DF61-4987-BD3B-095B58C25237}.Release|iPhone.Build.0 = Release|Any CPU
		{C918650E-DF61-4987-BD3B-095B58C25237}.Release|iPhoneSimulator.ActiveCfg = Release|Any CPU
		{C918650E-DF61-4987-BD3B-095B58C25237}.Release|iPhoneSimulator.Build.0 = Release|Any CPU
		{C918650E-DF61-4987-BD3B-095B58C25237}.Release|x64.ActiveCfg = Release|x64
		{C918650E-DF61-4987-BD3B-095B58C25237}.Release|x64.Build.0 = Release|x64
		{C918650E-DF61-4987-BD3B-095B58C25237}.Release|x86.ActiveCfg = Release|x86
		{C918650E-DF61-4987-BD3B-095B58C25237}.Release|x86.Build.0 = Release|x86
		{0CC1A3C4-351D-47FB-89E3-AE3BF6C3CBBB}.Ad-Hoc|Any CPU.ActiveCfg = Release|Any CPU
		{0CC1A3C4-351D-47FB-89E3-AE3BF6C3CBBB}.Ad-Hoc|Any CPU.Build.0 = Release|Any CPU
		{0CC1A3C4-351D-47FB-89E3-AE3BF6C3CBBB}.Ad-Hoc|ARM.ActiveCfg = Release|Any CPU
		{0CC1A3C4-351D-47FB-89E3-AE3BF6C3CBBB}.Ad-Hoc|ARM.Build.0 = Release|Any CPU
		{0CC1A3C4-351D-47FB-89E3-AE3BF6C3CBBB}.Ad-Hoc|iPhone.ActiveCfg = Debug|Any CPU
		{0CC1A3C4-351D-47FB-89E3-AE3BF6C3CBBB}.Ad-Hoc|iPhone.Build.0 = Debug|Any CPU
		{0CC1A3C4-351D-47FB-89E3-AE3BF6C3CBBB}.Ad-Hoc|iPhoneSimulator.ActiveCfg = Release|Any CPU
		{0CC1A3C4-351D-47FB-89E3-AE3BF6C3CBBB}.Ad-Hoc|iPhoneSimulator.Build.0 = Release|Any CPU
		{0CC1A3C4-351D-47FB-89E3-AE3BF6C3CBBB}.Ad-Hoc|x64.ActiveCfg = Release|Any CPU
		{0CC1A3C4-351D-47FB-89E3-AE3BF6C3CBBB}.Ad-Hoc|x64.Build.0 = Release|Any CPU
		{0CC1A3C4-351D-47FB-89E3-AE3BF6C3CBBB}.Ad-Hoc|x86.ActiveCfg = Release|Any CPU
		{0CC1A3C4-351D-47FB-89E3-AE3BF6C3CBBB}.Ad-Hoc|x86.Build.0 = Release|Any CPU
		{0CC1A3C4-351D-47FB-89E3-AE3BF6C3CBBB}.AppStore|Any CPU.ActiveCfg = Release|Any CPU
		{0CC1A3C4-351D-47FB-89E3-AE3BF6C3CBBB}.AppStore|Any CPU.Build.0 = Release|Any CPU
		{0CC1A3C4-351D-47FB-89E3-AE3BF6C3CBBB}.AppStore|ARM.ActiveCfg = Release|Any CPU
		{0CC1A3C4-351D-47FB-89E3-AE3BF6C3CBBB}.AppStore|ARM.Build.0 = Release|Any CPU
		{0CC1A3C4-351D-47FB-89E3-AE3BF6C3CBBB}.AppStore|iPhone.ActiveCfg = Debug|Any CPU
		{0CC1A3C4-351D-47FB-89E3-AE3BF6C3CBBB}.AppStore|iPhone.Build.0 = Debug|Any CPU
		{0CC1A3C4-351D-47FB-89E3-AE3BF6C3CBBB}.AppStore|iPhoneSimulator.ActiveCfg = Release|Any CPU
		{0CC1A3C4-351D-47FB-89E3-AE3BF6C3CBBB}.AppStore|iPhoneSimulator.Build.0 = Release|Any CPU
		{0CC1A3C4-351D-47FB-89E3-AE3BF6C3CBBB}.AppStore|x64.ActiveCfg = Release|Any CPU
		{0CC1A3C4-351D-47FB-89E3-AE3BF6C3CBBB}.AppStore|x64.Build.0 = Release|Any CPU
		{0CC1A3C4-351D-47FB-89E3-AE3BF6C3CBBB}.AppStore|x86.ActiveCfg = Release|Any CPU
		{0CC1A3C4-351D-47FB-89E3-AE3BF6C3CBBB}.AppStore|x86.Build.0 = Release|Any CPU
		{0CC1A3C4-351D-47FB-89E3-AE3BF6C3CBBB}.Debug|Any CPU.ActiveCfg = Debug|Any CPU
		{0CC1A3C4-351D-47FB-89E3-AE3BF6C3CBBB}.Debug|Any CPU.Build.0 = Debug|Any CPU
		{0CC1A3C4-351D-47FB-89E3-AE3BF6C3CBBB}.Debug|ARM.ActiveCfg = Debug|Any CPU
		{0CC1A3C4-351D-47FB-89E3-AE3BF6C3CBBB}.Debug|ARM.Build.0 = Debug|Any CPU
		{0CC1A3C4-351D-47FB-89E3-AE3BF6C3CBBB}.Debug|iPhone.ActiveCfg = Debug|Any CPU
		{0CC1A3C4-351D-47FB-89E3-AE3BF6C3CBBB}.Debug|iPhone.Build.0 = Debug|Any CPU
		{0CC1A3C4-351D-47FB-89E3-AE3BF6C3CBBB}.Debug|iPhoneSimulator.ActiveCfg = Debug|Any CPU
		{0CC1A3C4-351D-47FB-89E3-AE3BF6C3CBBB}.Debug|iPhoneSimulator.Build.0 = Debug|Any CPU
		{0CC1A3C4-351D-47FB-89E3-AE3BF6C3CBBB}.Debug|x64.ActiveCfg = Debug|Any CPU
		{0CC1A3C4-351D-47FB-89E3-AE3BF6C3CBBB}.Debug|x64.Build.0 = Debug|Any CPU
		{0CC1A3C4-351D-47FB-89E3-AE3BF6C3CBBB}.Debug|x86.ActiveCfg = Debug|Any CPU
		{0CC1A3C4-351D-47FB-89E3-AE3BF6C3CBBB}.Debug|x86.Build.0 = Debug|Any CPU
		{0CC1A3C4-351D-47FB-89E3-AE3BF6C3CBBB}.Release|Any CPU.ActiveCfg = Release|Any CPU
		{0CC1A3C4-351D-47FB-89E3-AE3BF6C3CBBB}.Release|Any CPU.Build.0 = Release|Any CPU
		{0CC1A3C4-351D-47FB-89E3-AE3BF6C3CBBB}.Release|ARM.ActiveCfg = Release|Any CPU
		{0CC1A3C4-351D-47FB-89E3-AE3BF6C3CBBB}.Release|ARM.Build.0 = Release|Any CPU
		{0CC1A3C4-351D-47FB-89E3-AE3BF6C3CBBB}.Release|iPhone.ActiveCfg = Release|Any CPU
		{0CC1A3C4-351D-47FB-89E3-AE3BF6C3CBBB}.Release|iPhone.Build.0 = Release|Any CPU
		{0CC1A3C4-351D-47FB-89E3-AE3BF6C3CBBB}.Release|iPhoneSimulator.ActiveCfg = Release|Any CPU
		{0CC1A3C4-351D-47FB-89E3-AE3BF6C3CBBB}.Release|iPhoneSimulator.Build.0 = Release|Any CPU
		{0CC1A3C4-351D-47FB-89E3-AE3BF6C3CBBB}.Release|x64.ActiveCfg = Release|Any CPU
		{0CC1A3C4-351D-47FB-89E3-AE3BF6C3CBBB}.Release|x64.Build.0 = Release|Any CPU
		{0CC1A3C4-351D-47FB-89E3-AE3BF6C3CBBB}.Release|x86.ActiveCfg = Release|Any CPU
		{0CC1A3C4-351D-47FB-89E3-AE3BF6C3CBBB}.Release|x86.Build.0 = Release|Any CPU
		{21CE6FCB-7988-4E8B-9E96-2CC3C7FF8EEC}.Ad-Hoc|Any CPU.ActiveCfg = Release|Any CPU
		{21CE6FCB-7988-4E8B-9E96-2CC3C7FF8EEC}.Ad-Hoc|Any CPU.Build.0 = Release|Any CPU
		{21CE6FCB-7988-4E8B-9E96-2CC3C7FF8EEC}.Ad-Hoc|ARM.ActiveCfg = Release|Any CPU
		{21CE6FCB-7988-4E8B-9E96-2CC3C7FF8EEC}.Ad-Hoc|ARM.Build.0 = Release|Any CPU
		{21CE6FCB-7988-4E8B-9E96-2CC3C7FF8EEC}.Ad-Hoc|iPhone.ActiveCfg = Debug|Any CPU
		{21CE6FCB-7988-4E8B-9E96-2CC3C7FF8EEC}.Ad-Hoc|iPhone.Build.0 = Debug|Any CPU
		{21CE6FCB-7988-4E8B-9E96-2CC3C7FF8EEC}.Ad-Hoc|iPhoneSimulator.ActiveCfg = Release|Any CPU
		{21CE6FCB-7988-4E8B-9E96-2CC3C7FF8EEC}.Ad-Hoc|iPhoneSimulator.Build.0 = Release|Any CPU
		{21CE6FCB-7988-4E8B-9E96-2CC3C7FF8EEC}.Ad-Hoc|x64.ActiveCfg = Release|Any CPU
		{21CE6FCB-7988-4E8B-9E96-2CC3C7FF8EEC}.Ad-Hoc|x64.Build.0 = Release|Any CPU
		{21CE6FCB-7988-4E8B-9E96-2CC3C7FF8EEC}.Ad-Hoc|x86.ActiveCfg = Release|Any CPU
		{21CE6FCB-7988-4E8B-9E96-2CC3C7FF8EEC}.Ad-Hoc|x86.Build.0 = Release|Any CPU
		{21CE6FCB-7988-4E8B-9E96-2CC3C7FF8EEC}.AppStore|Any CPU.ActiveCfg = Release|Any CPU
		{21CE6FCB-7988-4E8B-9E96-2CC3C7FF8EEC}.AppStore|Any CPU.Build.0 = Release|Any CPU
		{21CE6FCB-7988-4E8B-9E96-2CC3C7FF8EEC}.AppStore|ARM.ActiveCfg = Release|Any CPU
		{21CE6FCB-7988-4E8B-9E96-2CC3C7FF8EEC}.AppStore|ARM.Build.0 = Release|Any CPU
		{21CE6FCB-7988-4E8B-9E96-2CC3C7FF8EEC}.AppStore|iPhone.ActiveCfg = Debug|Any CPU
		{21CE6FCB-7988-4E8B-9E96-2CC3C7FF8EEC}.AppStore|iPhone.Build.0 = Debug|Any CPU
		{21CE6FCB-7988-4E8B-9E96-2CC3C7FF8EEC}.AppStore|iPhoneSimulator.ActiveCfg = Release|Any CPU
		{21CE6FCB-7988-4E8B-9E96-2CC3C7FF8EEC}.AppStore|iPhoneSimulator.Build.0 = Release|Any CPU
		{21CE6FCB-7988-4E8B-9E96-2CC3C7FF8EEC}.AppStore|x64.ActiveCfg = Release|Any CPU
		{21CE6FCB-7988-4E8B-9E96-2CC3C7FF8EEC}.AppStore|x64.Build.0 = Release|Any CPU
		{21CE6FCB-7988-4E8B-9E96-2CC3C7FF8EEC}.AppStore|x86.ActiveCfg = Release|Any CPU
		{21CE6FCB-7988-4E8B-9E96-2CC3C7FF8EEC}.AppStore|x86.Build.0 = Release|Any CPU
		{21CE6FCB-7988-4E8B-9E96-2CC3C7FF8EEC}.Debug|Any CPU.ActiveCfg = Debug|Any CPU
		{21CE6FCB-7988-4E8B-9E96-2CC3C7FF8EEC}.Debug|Any CPU.Build.0 = Debug|Any CPU
		{21CE6FCB-7988-4E8B-9E96-2CC3C7FF8EEC}.Debug|ARM.ActiveCfg = Debug|Any CPU
		{21CE6FCB-7988-4E8B-9E96-2CC3C7FF8EEC}.Debug|ARM.Build.0 = Debug|Any CPU
		{21CE6FCB-7988-4E8B-9E96-2CC3C7FF8EEC}.Debug|iPhone.ActiveCfg = Debug|Any CPU
		{21CE6FCB-7988-4E8B-9E96-2CC3C7FF8EEC}.Debug|iPhone.Build.0 = Debug|Any CPU
		{21CE6FCB-7988-4E8B-9E96-2CC3C7FF8EEC}.Debug|iPhoneSimulator.ActiveCfg = Debug|Any CPU
		{21CE6FCB-7988-4E8B-9E96-2CC3C7FF8EEC}.Debug|iPhoneSimulator.Build.0 = Debug|Any CPU
		{21CE6FCB-7988-4E8B-9E96-2CC3C7FF8EEC}.Debug|x64.ActiveCfg = Debug|Any CPU
		{21CE6FCB-7988-4E8B-9E96-2CC3C7FF8EEC}.Debug|x64.Build.0 = Debug|Any CPU
		{21CE6FCB-7988-4E8B-9E96-2CC3C7FF8EEC}.Debug|x86.ActiveCfg = Debug|Any CPU
		{21CE6FCB-7988-4E8B-9E96-2CC3C7FF8EEC}.Debug|x86.Build.0 = Debug|Any CPU
		{21CE6FCB-7988-4E8B-9E96-2CC3C7FF8EEC}.Release|Any CPU.ActiveCfg = Release|Any CPU
		{21CE6FCB-7988-4E8B-9E96-2CC3C7FF8EEC}.Release|Any CPU.Build.0 = Release|Any CPU
		{21CE6FCB-7988-4E8B-9E96-2CC3C7FF8EEC}.Release|ARM.ActiveCfg = Release|Any CPU
		{21CE6FCB-7988-4E8B-9E96-2CC3C7FF8EEC}.Release|ARM.Build.0 = Release|Any CPU
		{21CE6FCB-7988-4E8B-9E96-2CC3C7FF8EEC}.Release|iPhone.ActiveCfg = Release|Any CPU
		{21CE6FCB-7988-4E8B-9E96-2CC3C7FF8EEC}.Release|iPhone.Build.0 = Release|Any CPU
		{21CE6FCB-7988-4E8B-9E96-2CC3C7FF8EEC}.Release|iPhoneSimulator.ActiveCfg = Release|Any CPU
		{21CE6FCB-7988-4E8B-9E96-2CC3C7FF8EEC}.Release|iPhoneSimulator.Build.0 = Release|Any CPU
		{21CE6FCB-7988-4E8B-9E96-2CC3C7FF8EEC}.Release|x64.ActiveCfg = Release|Any CPU
		{21CE6FCB-7988-4E8B-9E96-2CC3C7FF8EEC}.Release|x64.Build.0 = Release|Any CPU
		{21CE6FCB-7988-4E8B-9E96-2CC3C7FF8EEC}.Release|x86.ActiveCfg = Release|Any CPU
		{21CE6FCB-7988-4E8B-9E96-2CC3C7FF8EEC}.Release|x86.Build.0 = Release|Any CPU
		{09CC89E9-7FF9-4CDD-9EF6-49B8B9851F71}.Ad-Hoc|Any CPU.ActiveCfg = Release|Any CPU
		{09CC89E9-7FF9-4CDD-9EF6-49B8B9851F71}.Ad-Hoc|Any CPU.Build.0 = Release|Any CPU
		{09CC89E9-7FF9-4CDD-9EF6-49B8B9851F71}.Ad-Hoc|ARM.ActiveCfg = Release|Any CPU
		{09CC89E9-7FF9-4CDD-9EF6-49B8B9851F71}.Ad-Hoc|ARM.Build.0 = Release|Any CPU
		{09CC89E9-7FF9-4CDD-9EF6-49B8B9851F71}.Ad-Hoc|iPhone.ActiveCfg = Debug|Any CPU
		{09CC89E9-7FF9-4CDD-9EF6-49B8B9851F71}.Ad-Hoc|iPhone.Build.0 = Debug|Any CPU
		{09CC89E9-7FF9-4CDD-9EF6-49B8B9851F71}.Ad-Hoc|iPhoneSimulator.ActiveCfg = Release|Any CPU
		{09CC89E9-7FF9-4CDD-9EF6-49B8B9851F71}.Ad-Hoc|iPhoneSimulator.Build.0 = Release|Any CPU
		{09CC89E9-7FF9-4CDD-9EF6-49B8B9851F71}.Ad-Hoc|x64.ActiveCfg = Release|Any CPU
		{09CC89E9-7FF9-4CDD-9EF6-49B8B9851F71}.Ad-Hoc|x64.Build.0 = Release|Any CPU
		{09CC89E9-7FF9-4CDD-9EF6-49B8B9851F71}.Ad-Hoc|x86.ActiveCfg = Release|Any CPU
		{09CC89E9-7FF9-4CDD-9EF6-49B8B9851F71}.Ad-Hoc|x86.Build.0 = Release|Any CPU
		{09CC89E9-7FF9-4CDD-9EF6-49B8B9851F71}.AppStore|Any CPU.ActiveCfg = Release|Any CPU
		{09CC89E9-7FF9-4CDD-9EF6-49B8B9851F71}.AppStore|Any CPU.Build.0 = Release|Any CPU
		{09CC89E9-7FF9-4CDD-9EF6-49B8B9851F71}.AppStore|ARM.ActiveCfg = Release|Any CPU
		{09CC89E9-7FF9-4CDD-9EF6-49B8B9851F71}.AppStore|ARM.Build.0 = Release|Any CPU
		{09CC89E9-7FF9-4CDD-9EF6-49B8B9851F71}.AppStore|iPhone.ActiveCfg = Debug|Any CPU
		{09CC89E9-7FF9-4CDD-9EF6-49B8B9851F71}.AppStore|iPhone.Build.0 = Debug|Any CPU
		{09CC89E9-7FF9-4CDD-9EF6-49B8B9851F71}.AppStore|iPhoneSimulator.ActiveCfg = Release|Any CPU
		{09CC89E9-7FF9-4CDD-9EF6-49B8B9851F71}.AppStore|iPhoneSimulator.Build.0 = Release|Any CPU
		{09CC89E9-7FF9-4CDD-9EF6-49B8B9851F71}.AppStore|x64.ActiveCfg = Release|Any CPU
		{09CC89E9-7FF9-4CDD-9EF6-49B8B9851F71}.AppStore|x64.Build.0 = Release|Any CPU
		{09CC89E9-7FF9-4CDD-9EF6-49B8B9851F71}.AppStore|x86.ActiveCfg = Release|Any CPU
		{09CC89E9-7FF9-4CDD-9EF6-49B8B9851F71}.AppStore|x86.Build.0 = Release|Any CPU
		{09CC89E9-7FF9-4CDD-9EF6-49B8B9851F71}.Debug|Any CPU.ActiveCfg = Debug|Any CPU
		{09CC89E9-7FF9-4CDD-9EF6-49B8B9851F71}.Debug|Any CPU.Build.0 = Debug|Any CPU
		{09CC89E9-7FF9-4CDD-9EF6-49B8B9851F71}.Debug|ARM.ActiveCfg = Debug|Any CPU
		{09CC89E9-7FF9-4CDD-9EF6-49B8B9851F71}.Debug|ARM.Build.0 = Debug|Any CPU
		{09CC89E9-7FF9-4CDD-9EF6-49B8B9851F71}.Debug|iPhone.ActiveCfg = Debug|Any CPU
		{09CC89E9-7FF9-4CDD-9EF6-49B8B9851F71}.Debug|iPhone.Build.0 = Debug|Any CPU
		{09CC89E9-7FF9-4CDD-9EF6-49B8B9851F71}.Debug|iPhoneSimulator.ActiveCfg = Debug|Any CPU
		{09CC89E9-7FF9-4CDD-9EF6-49B8B9851F71}.Debug|iPhoneSimulator.Build.0 = Debug|Any CPU
		{09CC89E9-7FF9-4CDD-9EF6-49B8B9851F71}.Debug|x64.ActiveCfg = Debug|Any CPU
		{09CC89E9-7FF9-4CDD-9EF6-49B8B9851F71}.Debug|x64.Build.0 = Debug|Any CPU
		{09CC89E9-7FF9-4CDD-9EF6-49B8B9851F71}.Debug|x86.ActiveCfg = Debug|Any CPU
		{09CC89E9-7FF9-4CDD-9EF6-49B8B9851F71}.Debug|x86.Build.0 = Debug|Any CPU
		{09CC89E9-7FF9-4CDD-9EF6-49B8B9851F71}.Release|Any CPU.ActiveCfg = Release|Any CPU
		{09CC89E9-7FF9-4CDD-9EF6-49B8B9851F71}.Release|Any CPU.Build.0 = Release|Any CPU
		{09CC89E9-7FF9-4CDD-9EF6-49B8B9851F71}.Release|ARM.ActiveCfg = Release|Any CPU
		{09CC89E9-7FF9-4CDD-9EF6-49B8B9851F71}.Release|ARM.Build.0 = Release|Any CPU
		{09CC89E9-7FF9-4CDD-9EF6-49B8B9851F71}.Release|iPhone.ActiveCfg = Release|Any CPU
		{09CC89E9-7FF9-4CDD-9EF6-49B8B9851F71}.Release|iPhone.Build.0 = Release|Any CPU
		{09CC89E9-7FF9-4CDD-9EF6-49B8B9851F71}.Release|iPhoneSimulator.ActiveCfg = Release|Any CPU
		{09CC89E9-7FF9-4CDD-9EF6-49B8B9851F71}.Release|iPhoneSimulator.Build.0 = Release|Any CPU
		{09CC89E9-7FF9-4CDD-9EF6-49B8B9851F71}.Release|x64.ActiveCfg = Release|Any CPU
		{09CC89E9-7FF9-4CDD-9EF6-49B8B9851F71}.Release|x64.Build.0 = Release|Any CPU
		{09CC89E9-7FF9-4CDD-9EF6-49B8B9851F71}.Release|x86.ActiveCfg = Release|Any CPU
		{09CC89E9-7FF9-4CDD-9EF6-49B8B9851F71}.Release|x86.Build.0 = Release|Any CPU
		{C8B758B8-8C43-455A-A997-8282DCA269DC}.Ad-Hoc|Any CPU.ActiveCfg = Debug|Any CPU
		{C8B758B8-8C43-455A-A997-8282DCA269DC}.Ad-Hoc|Any CPU.Build.0 = Debug|Any CPU
		{C8B758B8-8C43-455A-A997-8282DCA269DC}.Ad-Hoc|ARM.ActiveCfg = Debug|Any CPU
		{C8B758B8-8C43-455A-A997-8282DCA269DC}.Ad-Hoc|ARM.Build.0 = Debug|Any CPU
		{C8B758B8-8C43-455A-A997-8282DCA269DC}.Ad-Hoc|iPhone.ActiveCfg = Release|Any CPU
		{C8B758B8-8C43-455A-A997-8282DCA269DC}.Ad-Hoc|iPhone.Build.0 = Release|Any CPU
		{C8B758B8-8C43-455A-A997-8282DCA269DC}.Ad-Hoc|iPhoneSimulator.ActiveCfg = Debug|Any CPU
		{C8B758B8-8C43-455A-A997-8282DCA269DC}.Ad-Hoc|iPhoneSimulator.Build.0 = Debug|Any CPU
		{C8B758B8-8C43-455A-A997-8282DCA269DC}.Ad-Hoc|x64.ActiveCfg = Debug|Any CPU
		{C8B758B8-8C43-455A-A997-8282DCA269DC}.Ad-Hoc|x64.Build.0 = Debug|Any CPU
		{C8B758B8-8C43-455A-A997-8282DCA269DC}.Ad-Hoc|x86.ActiveCfg = Debug|Any CPU
		{C8B758B8-8C43-455A-A997-8282DCA269DC}.Ad-Hoc|x86.Build.0 = Debug|Any CPU
		{C8B758B8-8C43-455A-A997-8282DCA269DC}.AppStore|Any CPU.ActiveCfg = Debug|Any CPU
		{C8B758B8-8C43-455A-A997-8282DCA269DC}.AppStore|Any CPU.Build.0 = Debug|Any CPU
		{C8B758B8-8C43-455A-A997-8282DCA269DC}.AppStore|ARM.ActiveCfg = Debug|Any CPU
		{C8B758B8-8C43-455A-A997-8282DCA269DC}.AppStore|ARM.Build.0 = Debug|Any CPU
		{C8B758B8-8C43-455A-A997-8282DCA269DC}.AppStore|iPhone.ActiveCfg = Release|Any CPU
		{C8B758B8-8C43-455A-A997-8282DCA269DC}.AppStore|iPhone.Build.0 = Release|Any CPU
		{C8B758B8-8C43-455A-A997-8282DCA269DC}.AppStore|iPhoneSimulator.ActiveCfg = Debug|Any CPU
		{C8B758B8-8C43-455A-A997-8282DCA269DC}.AppStore|iPhoneSimulator.Build.0 = Debug|Any CPU
		{C8B758B8-8C43-455A-A997-8282DCA269DC}.AppStore|x64.ActiveCfg = Debug|Any CPU
		{C8B758B8-8C43-455A-A997-8282DCA269DC}.AppStore|x64.Build.0 = Debug|Any CPU
		{C8B758B8-8C43-455A-A997-8282DCA269DC}.AppStore|x86.ActiveCfg = Debug|Any CPU
		{C8B758B8-8C43-455A-A997-8282DCA269DC}.AppStore|x86.Build.0 = Debug|Any CPU
		{C8B758B8-8C43-455A-A997-8282DCA269DC}.Debug|Any CPU.ActiveCfg = Debug|Any CPU
		{C8B758B8-8C43-455A-A997-8282DCA269DC}.Debug|Any CPU.Build.0 = Debug|Any CPU
		{C8B758B8-8C43-455A-A997-8282DCA269DC}.Debug|ARM.ActiveCfg = Debug|Any CPU
		{C8B758B8-8C43-455A-A997-8282DCA269DC}.Debug|ARM.Build.0 = Debug|Any CPU
		{C8B758B8-8C43-455A-A997-8282DCA269DC}.Debug|iPhone.ActiveCfg = Debug|Any CPU
		{C8B758B8-8C43-455A-A997-8282DCA269DC}.Debug|iPhone.Build.0 = Debug|Any CPU
		{C8B758B8-8C43-455A-A997-8282DCA269DC}.Debug|iPhoneSimulator.ActiveCfg = Debug|Any CPU
		{C8B758B8-8C43-455A-A997-8282DCA269DC}.Debug|iPhoneSimulator.Build.0 = Debug|Any CPU
		{C8B758B8-8C43-455A-A997-8282DCA269DC}.Debug|x64.ActiveCfg = Debug|Any CPU
		{C8B758B8-8C43-455A-A997-8282DCA269DC}.Debug|x64.Build.0 = Debug|Any CPU
		{C8B758B8-8C43-455A-A997-8282DCA269DC}.Debug|x86.ActiveCfg = Debug|Any CPU
		{C8B758B8-8C43-455A-A997-8282DCA269DC}.Debug|x86.Build.0 = Debug|Any CPU
		{C8B758B8-8C43-455A-A997-8282DCA269DC}.Release|Any CPU.ActiveCfg = Release|Any CPU
		{C8B758B8-8C43-455A-A997-8282DCA269DC}.Release|Any CPU.Build.0 = Release|Any CPU
		{C8B758B8-8C43-455A-A997-8282DCA269DC}.Release|ARM.ActiveCfg = Release|Any CPU
		{C8B758B8-8C43-455A-A997-8282DCA269DC}.Release|ARM.Build.0 = Release|Any CPU
		{C8B758B8-8C43-455A-A997-8282DCA269DC}.Release|iPhone.ActiveCfg = Release|Any CPU
		{C8B758B8-8C43-455A-A997-8282DCA269DC}.Release|iPhone.Build.0 = Release|Any CPU
		{C8B758B8-8C43-455A-A997-8282DCA269DC}.Release|iPhoneSimulator.ActiveCfg = Release|Any CPU
		{C8B758B8-8C43-455A-A997-8282DCA269DC}.Release|iPhoneSimulator.Build.0 = Release|Any CPU
		{C8B758B8-8C43-455A-A997-8282DCA269DC}.Release|x64.ActiveCfg = Release|Any CPU
		{C8B758B8-8C43-455A-A997-8282DCA269DC}.Release|x64.Build.0 = Release|Any CPU
		{C8B758B8-8C43-455A-A997-8282DCA269DC}.Release|x86.ActiveCfg = Release|Any CPU
		{C8B758B8-8C43-455A-A997-8282DCA269DC}.Release|x86.Build.0 = Release|Any CPU
		{158B6393-991C-4396-AE0C-35FB8103E8CB}.Ad-Hoc|Any CPU.ActiveCfg = Release|Any CPU
		{158B6393-991C-4396-AE0C-35FB8103E8CB}.Ad-Hoc|Any CPU.Build.0 = Release|Any CPU
		{158B6393-991C-4396-AE0C-35FB8103E8CB}.Ad-Hoc|ARM.ActiveCfg = Release|Any CPU
		{158B6393-991C-4396-AE0C-35FB8103E8CB}.Ad-Hoc|ARM.Build.0 = Release|Any CPU
		{158B6393-991C-4396-AE0C-35FB8103E8CB}.Ad-Hoc|iPhone.ActiveCfg = Debug|Any CPU
		{158B6393-991C-4396-AE0C-35FB8103E8CB}.Ad-Hoc|iPhone.Build.0 = Debug|Any CPU
		{158B6393-991C-4396-AE0C-35FB8103E8CB}.Ad-Hoc|iPhoneSimulator.ActiveCfg = Release|Any CPU
		{158B6393-991C-4396-AE0C-35FB8103E8CB}.Ad-Hoc|iPhoneSimulator.Build.0 = Release|Any CPU
		{158B6393-991C-4396-AE0C-35FB8103E8CB}.Ad-Hoc|x64.ActiveCfg = Release|Any CPU
		{158B6393-991C-4396-AE0C-35FB8103E8CB}.Ad-Hoc|x64.Build.0 = Release|Any CPU
		{158B6393-991C-4396-AE0C-35FB8103E8CB}.Ad-Hoc|x86.ActiveCfg = Release|Any CPU
		{158B6393-991C-4396-AE0C-35FB8103E8CB}.Ad-Hoc|x86.Build.0 = Release|Any CPU
		{158B6393-991C-4396-AE0C-35FB8103E8CB}.AppStore|Any CPU.ActiveCfg = Release|Any CPU
		{158B6393-991C-4396-AE0C-35FB8103E8CB}.AppStore|Any CPU.Build.0 = Release|Any CPU
		{158B6393-991C-4396-AE0C-35FB8103E8CB}.AppStore|ARM.ActiveCfg = Release|Any CPU
		{158B6393-991C-4396-AE0C-35FB8103E8CB}.AppStore|ARM.Build.0 = Release|Any CPU
		{158B6393-991C-4396-AE0C-35FB8103E8CB}.AppStore|iPhone.ActiveCfg = Debug|Any CPU
		{158B6393-991C-4396-AE0C-35FB8103E8CB}.AppStore|iPhone.Build.0 = Debug|Any CPU
		{158B6393-991C-4396-AE0C-35FB8103E8CB}.AppStore|iPhoneSimulator.ActiveCfg = Release|Any CPU
		{158B6393-991C-4396-AE0C-35FB8103E8CB}.AppStore|iPhoneSimulator.Build.0 = Release|Any CPU
		{158B6393-991C-4396-AE0C-35FB8103E8CB}.AppStore|x64.ActiveCfg = Release|Any CPU
		{158B6393-991C-4396-AE0C-35FB8103E8CB}.AppStore|x64.Build.0 = Release|Any CPU
		{158B6393-991C-4396-AE0C-35FB8103E8CB}.AppStore|x86.ActiveCfg = Release|Any CPU
		{158B6393-991C-4396-AE0C-35FB8103E8CB}.AppStore|x86.Build.0 = Release|Any CPU
		{158B6393-991C-4396-AE0C-35FB8103E8CB}.Debug|Any CPU.ActiveCfg = Debug|Any CPU
		{158B6393-991C-4396-AE0C-35FB8103E8CB}.Debug|Any CPU.Build.0 = Debug|Any CPU
		{158B6393-991C-4396-AE0C-35FB8103E8CB}.Debug|ARM.ActiveCfg = Debug|Any CPU
		{158B6393-991C-4396-AE0C-35FB8103E8CB}.Debug|ARM.Build.0 = Debug|Any CPU
		{158B6393-991C-4396-AE0C-35FB8103E8CB}.Debug|iPhone.ActiveCfg = Debug|Any CPU
		{158B6393-991C-4396-AE0C-35FB8103E8CB}.Debug|iPhone.Build.0 = Debug|Any CPU
		{158B6393-991C-4396-AE0C-35FB8103E8CB}.Debug|iPhoneSimulator.ActiveCfg = Debug|Any CPU
		{158B6393-991C-4396-AE0C-35FB8103E8CB}.Debug|iPhoneSimulator.Build.0 = Debug|Any CPU
		{158B6393-991C-4396-AE0C-35FB8103E8CB}.Debug|x64.ActiveCfg = Debug|Any CPU
		{158B6393-991C-4396-AE0C-35FB8103E8CB}.Debug|x64.Build.0 = Debug|Any CPU
		{158B6393-991C-4396-AE0C-35FB8103E8CB}.Debug|x86.ActiveCfg = Debug|Any CPU
		{158B6393-991C-4396-AE0C-35FB8103E8CB}.Debug|x86.Build.0 = Debug|Any CPU
		{158B6393-991C-4396-AE0C-35FB8103E8CB}.Release|Any CPU.ActiveCfg = Release|Any CPU
		{158B6393-991C-4396-AE0C-35FB8103E8CB}.Release|Any CPU.Build.0 = Release|Any CPU
		{158B6393-991C-4396-AE0C-35FB8103E8CB}.Release|ARM.ActiveCfg = Release|Any CPU
		{158B6393-991C-4396-AE0C-35FB8103E8CB}.Release|ARM.Build.0 = Release|Any CPU
		{158B6393-991C-4396-AE0C-35FB8103E8CB}.Release|iPhone.ActiveCfg = Release|Any CPU
		{158B6393-991C-4396-AE0C-35FB8103E8CB}.Release|iPhone.Build.0 = Release|Any CPU
		{158B6393-991C-4396-AE0C-35FB8103E8CB}.Release|iPhoneSimulator.ActiveCfg = Release|Any CPU
		{158B6393-991C-4396-AE0C-35FB8103E8CB}.Release|iPhoneSimulator.Build.0 = Release|Any CPU
		{158B6393-991C-4396-AE0C-35FB8103E8CB}.Release|x64.ActiveCfg = Release|Any CPU
		{158B6393-991C-4396-AE0C-35FB8103E8CB}.Release|x64.Build.0 = Release|Any CPU
		{158B6393-991C-4396-AE0C-35FB8103E8CB}.Release|x86.ActiveCfg = Release|Any CPU
		{158B6393-991C-4396-AE0C-35FB8103E8CB}.Release|x86.Build.0 = Release|Any CPU
	EndGlobalSection
	GlobalSection(SolutionProperties) = preSolution
		HideSolutionNode = FALSE
	EndGlobalSection
	GlobalSection(ExtensibilityGlobals) = postSolution
		SolutionGuid = {B9684F58-DB7F-4CA8-9F50-22F8B1E8D3F6}
	EndGlobalSection
EndGlobal
